
Microsoft Visual Studio Solution File, Format Version 12.00
# Visual Studio Version 17
VisualStudioVersion = 17.4.33403.182
MinimumVisualStudioVersion = 10.0.40219.1
Project("{9A19103F-16F7-4668-BE54-9A1E7A4F7556}") = "GrpcService", "GrpcService\GrpcService.csproj", "{393FA286-20B7-4595-A4DB-4E35820F3692}"
EndProject
Project("{FAE04EC0-301F-11D3-BF4B-00C04F79EFBC}") = "GrpcClient", "GrpcClient\GrpcClient.csproj", "{7E7FC1DA-37E3-4C11-ABE0-C59DDECFEB9C}"
EndProject
Global
	GlobalSection(SolutionConfigurationPlatforms) = preSolution
		Debug|Any CPU = Debug|Any CPU
		Release|Any CPU = Release|Any CPU
	EndGlobalSection
	GlobalSection(ProjectConfigurationPlatforms) = postSolution
		{393FA286-20B7-4595-A4DB-4E35820F3692}.Debug|Any CPU.ActiveCfg = Debug|Any CPU
		{393FA286-20B7-4595-A4DB-4E35820F3692}.Debug|Any CPU.Build.0 = Debug|Any CPU
		{393FA286-20B7-4595-A4DB-4E35820F3692}.Release|Any CPU.ActiveCfg = Release|Any CPU
		{393FA286-20B7-4595-A4DB-4E35820F3692}.Release|Any CPU.Build.0 = Release|Any CPU
		{7E7FC1DA-37E3-4C11-ABE0-C59DDECFEB9C}.Debug|Any CPU.ActiveCfg = Debug|Any CPU
		{7E7FC1DA-37E3-4C11-ABE0-C59DDECFEB9C}.Debug|Any CPU.Build.0 = Debug|Any CPU
		{7E7FC1DA-37E3-4C11-ABE0-C59DDECFEB9C}.Release|Any CPU.ActiveCfg = Release|Any CPU
		{7E7FC1DA-37E3-4C11-ABE0-C59DDECFEB9C}.Release|Any CPU.Build.0 = Release|Any CPU
	EndGlobalSection
	GlobalSection(SolutionProperties) = preSolution
		HideSolutionNode = FALSE
	EndGlobalSection
	GlobalSection(ExtensibilityGlobals) = postSolution
		SolutionGuid = {5B0BA669-5267-47CB-B9CC-ED65F40FBA46}
	EndGlobalSection
EndGlobal
